// !$*UTF8*$!
{
	archiveVersion = 1;
	classes = {
	};
	objectVersion = 48;
	objects = {

/* Begin PBXBuildFile section */
		A15BDC79C10DF493B70483CD /* libPods-testUI.a in Frameworks */ = {isa = PBXBuildFile; fileRef = CB1B406A760E68735015D44F /* libPods-testUI.a */; };
		A83383E41FCF016E00E1FD83 /* UIColor+Hex.m in Sources */ = {isa = PBXBuildFile; fileRef = A83383E31FCF016E00E1FD83 /* UIColor+Hex.m */; };
		A83383E71FCF034500E1FD83 /* StyleTableViewController.m in Sources */ = {isa = PBXBuildFile; fileRef = A83383E61FCF034500E1FD83 /* StyleTableViewController.m */; };
		A85FC2231FCBE792009A107D /* ChainCodeController.m in Sources */ = {isa = PBXBuildFile; fileRef = A85FC2221FCBE792009A107D /* ChainCodeController.m */; };
		A8B9CA5F1FC7DCF800F0B2DE /* AppDelegate.m in Sources */ = {isa = PBXBuildFile; fileRef = A8B9CA5E1FC7DCF800F0B2DE /* AppDelegate.m */; };
		A8B9CA651FC7DCF800F0B2DE /* Main.storyboard in Resources */ = {isa = PBXBuildFile; fileRef = A8B9CA631FC7DCF800F0B2DE /* Main.storyboard */; };
		A8B9CA671FC7DCF800F0B2DE /* Assets.xcassets in Resources */ = {isa = PBXBuildFile; fileRef = A8B9CA661FC7DCF800F0B2DE /* Assets.xcassets */; };
		A8B9CA6A1FC7DCF800F0B2DE /* LaunchScreen.storyboard in Resources */ = {isa = PBXBuildFile; fileRef = A8B9CA681FC7DCF800F0B2DE /* LaunchScreen.storyboard */; };
		A8B9CA6D1FC7DCF800F0B2DE /* main.m in Sources */ = {isa = PBXBuildFile; fileRef = A8B9CA6C1FC7DCF800F0B2DE /* main.m */; };
		A8B9CA751FC7DD6000F0B2DE /* TableViewController.m in Sources */ = {isa = PBXBuildFile; fileRef = A8B9CA741FC7DD6000F0B2DE /* TableViewController.m */; };
		A8B9CA791FC7DF1400F0B2DE /* ContentModeController.m in Sources */ = {isa = PBXBuildFile; fileRef = A8B9CA781FC7DF1400F0B2DE /* ContentModeController.m */; };
/* End PBXBuildFile section */

/* Begin PBXFileReference section */
		0E5B296DD9E17CB130283228 /* Pods-testUI.debug.xcconfig */ = {isa = PBXFileReference; includeInIndex = 1; lastKnownFileType = text.xcconfig; name = "Pods-testUI.debug.xcconfig"; path = "Pods/Target Support Files/Pods-testUI/Pods-testUI.debug.xcconfig"; sourceTree = "<group>"; };
		59D9EF05476E1620E1A8417B /* Pods-testUI.release.xcconfig */ = {isa = PBXFileReference; includeInIndex = 1; lastKnownFileType = text.xcconfig; name = "Pods-testUI.release.xcconfig"; path = "Pods/Target Support Files/Pods-testUI/Pods-testUI.release.xcconfig"; sourceTree = "<group>"; };
		A83383E21FCF016E00E1FD83 /* UIColor+Hex.h */ = {isa = PBXFileReference; lastKnownFileType = sourcecode.c.h; path = "UIColor+Hex.h"; sourceTree = "<group>"; };
		A83383E31FCF016E00E1FD83 /* UIColor+Hex.m */ = {isa = PBXFileReference; lastKnownFileType = sourcecode.c.objc; path = "UIColor+Hex.m"; sourceTree = "<group>"; };
		A83383E51FCF034500E1FD83 /* StyleTableViewController.h */ = {isa = PBXFileReference; lastKnownFileType = sourcecode.c.h; path = StyleTableViewController.h; sourceTree = "<group>"; };
		A83383E61FCF034500E1FD83 /* StyleTableViewController.m */ = {isa = PBXFileReference; lastKnownFileType = sourcecode.c.objc; path = StyleTableViewController.m; sourceTree = "<group>"; };
		A85FC2211FCBE792009A107D /* ChainCodeController.h */ = {isa = PBXFileReference; lastKnownFileType = sourcecode.c.h; path = ChainCodeController.h; sourceTree = "<group>"; };
		A85FC2221FCBE792009A107D /* ChainCodeController.m */ = {isa = PBXFileReference; lastKnownFileType = sourcecode.c.objc; path = ChainCodeController.m; sourceTree = "<group>"; };
		A8B9CA5A1FC7DCF800F0B2DE /* testUI.app */ = {isa = PBXFileReference; explicitFileType = wrapper.application; includeInIndex = 0; path = testUI.app; sourceTree = BUILT_PRODUCTS_DIR; };
		A8B9CA5D1FC7DCF800F0B2DE /* AppDelegate.h */ = {isa = PBXFileReference; lastKnownFileType = sourcecode.c.h; path = AppDelegate.h; sourceTree = "<group>"; };
		A8B9CA5E1FC7DCF800F0B2DE /* AppDelegate.m */ = {isa = PBXFileReference; lastKnownFileType = sourcecode.c.objc; path = AppDelegate.m; sourceTree = "<group>"; };
		A8B9CA641FC7DCF800F0B2DE /* Base */ = {isa = PBXFileReference; lastKnownFileType = file.storyboard; name = Base; path = Base.lproj/Main.storyboard; sourceTree = "<group>"; };
		A8B9CA661FC7DCF800F0B2DE /* Assets.xcassets */ = {isa = PBXFileReference; lastKnownFileType = folder.assetcatalog; path = Assets.xcassets; sourceTree = "<group>"; };
		A8B9CA691FC7DCF800F0B2DE /* Base */ = {isa = PBXFileReference; lastKnownFileType = file.storyboard; name = Base; path = Base.lproj/LaunchScreen.storyboard; sourceTree = "<group>"; };
		A8B9CA6B1FC7DCF800F0B2DE /* Info.plist */ = {isa = PBXFileReference; lastKnownFileType = text.plist.xml; path = Info.plist; sourceTree = "<group>"; };
		A8B9CA6C1FC7DCF800F0B2DE /* main.m */ = {isa = PBXFileReference; lastKnownFileType = sourcecode.c.objc; path = main.m; sourceTree = "<group>"; };
		A8B9CA731FC7DD6000F0B2DE /* TableViewController.h */ = {isa = PBXFileReference; lastKnownFileType = sourcecode.c.h; path = TableViewController.h; sourceTree = "<group>"; };
		A8B9CA741FC7DD6000F0B2DE /* TableViewController.m */ = {isa = PBXFileReference; lastKnownFileType = sourcecode.c.objc; path = TableViewController.m; sourceTree = "<group>"; };
		A8B9CA771FC7DF1400F0B2DE /* ContentModeController.h */ = {isa = PBXFileReference; lastKnownFileType = sourcecode.c.h; path = ContentModeController.h; sourceTree = "<group>"; };
		A8B9CA781FC7DF1400F0B2DE /* ContentModeController.m */ = {isa = PBXFileReference; lastKnownFileType = sourcecode.c.objc; path = ContentModeController.m; sourceTree = "<group>"; };
		CB1B406A760E68735015D44F /* libPods-testUI.a */ = {isa = PBXFileReference; explicitFileType = archive.ar; includeInIndex = 0; path = "libPods-testUI.a"; sourceTree = BUILT_PRODUCTS_DIR; };
/* End PBXFileReference section */

/* Begin PBXFrameworksBuildPhase section */
		A8B9CA571FC7DCF800F0B2DE /* Frameworks */ = {
			isa = PBXFrameworksBuildPhase;
			buildActionMask = 2147483647;
			files = (
				A15BDC79C10DF493B70483CD /* libPods-testUI.a in Frameworks */,
			);
			runOnlyForDeploymentPostprocessing = 0;
		};
/* End PBXFrameworksBuildPhase section */

/* Begin PBXGroup section */
		0D2B601C1B202061DC3D48B4 /* Frameworks */ = {
			isa = PBXGroup;
			children = (
				CB1B406A760E68735015D44F /* libPods-testUI.a */,
			);
			name = Frameworks;
			sourceTree = "<group>";
		};
		92DAD172A5D0B611A95BD8EA /* Pods */ = {
			isa = PBXGroup;
			children = (
				0E5B296DD9E17CB130283228 /* Pods-testUI.debug.xcconfig */,
				59D9EF05476E1620E1A8417B /* Pods-testUI.release.xcconfig */,
			);
			name = Pods;
			sourceTree = "<group>";
		};
		A8B9CA511FC7DCF800F0B2DE = {
			isa = PBXGroup;
			children = (
				A8B9CA5C1FC7DCF800F0B2DE /* testUI */,
				A8B9CA5B1FC7DCF800F0B2DE /* Products */,
				92DAD172A5D0B611A95BD8EA /* Pods */,
				0D2B601C1B202061DC3D48B4 /* Frameworks */,
			);
			sourceTree = "<group>";
		};
		A8B9CA5B1FC7DCF800F0B2DE /* Products */ = {
			isa = PBXGroup;
			children = (
				A8B9CA5A1FC7DCF800F0B2DE /* testUI.app */,
			);
			name = Products;
			sourceTree = "<group>";
		};
		A8B9CA5C1FC7DCF800F0B2DE /* testUI */ = {
			isa = PBXGroup;
			children = (
				A8B9CA761FC7DDAC00F0B2DE /* controller */,
				A8B9CA5D1FC7DCF800F0B2DE /* AppDelegate.h */,
				A8B9CA5E1FC7DCF800F0B2DE /* AppDelegate.m */,
				A8B9CA731FC7DD6000F0B2DE /* TableViewController.h */,
				A8B9CA741FC7DD6000F0B2DE /* TableViewController.m */,
				A8B9CA631FC7DCF800F0B2DE /* Main.storyboard */,
				A8B9CA661FC7DCF800F0B2DE /* Assets.xcassets */,
				A8B9CA681FC7DCF800F0B2DE /* LaunchScreen.storyboard */,
				A8B9CA6B1FC7DCF800F0B2DE /* Info.plist */,
				A8B9CA6C1FC7DCF800F0B2DE /* main.m */,
				A83383E21FCF016E00E1FD83 /* UIColor+Hex.h */,
				A83383E31FCF016E00E1FD83 /* UIColor+Hex.m */,
			);
			path = testUI;
			sourceTree = "<group>";
		};
		A8B9CA761FC7DDAC00F0B2DE /* controller */ = {
			isa = PBXGroup;
			children = (
				A8B9CA771FC7DF1400F0B2DE /* ContentModeController.h */,
				A8B9CA781FC7DF1400F0B2DE /* ContentModeController.m */,
				A85FC2211FCBE792009A107D /* ChainCodeController.h */,
				A85FC2221FCBE792009A107D /* ChainCodeController.m */,
				A83383E51FCF034500E1FD83 /* StyleTableViewController.h */,
				A83383E61FCF034500E1FD83 /* StyleTableViewController.m */,
			);
			path = controller;
			sourceTree = "<group>";
		};
/* End PBXGroup section */

/* Begin PBXNativeTarget section */
		A8B9CA591FC7DCF800F0B2DE /* testUI */ = {
			isa = PBXNativeTarget;
			buildConfigurationList = A8B9CA701FC7DCF800F0B2DE /* Build configuration list for PBXNativeTarget "testUI" */;
			buildPhases = (
				39DB2515697DD870757800AB /* [CP] Check Pods Manifest.lock */,
				A8B9CA561FC7DCF800F0B2DE /* Sources */,
				A8B9CA571FC7DCF800F0B2DE /* Frameworks */,
				A8B9CA581FC7DCF800F0B2DE /* Resources */,
				876750F50F6FE8FE3714FCC0 /* [CP] Embed Pods Frameworks */,
				7CF6E5C8235E96A9785E8A53 /* [CP] Copy Pods Resources */,
			);
			buildRules = (
			);
			dependencies = (
			);
			name = testUI;
			productName = testUI;
			productReference = A8B9CA5A1FC7DCF800F0B2DE /* testUI.app */;
			productType = "com.apple.product-type.application";
		};
/* End PBXNativeTarget section */

/* Begin PBXProject section */
		A8B9CA521FC7DCF800F0B2DE /* Project object */ = {
			isa = PBXProject;
			attributes = {
				LastUpgradeCheck = 0910;
				ORGANIZATIONNAME = liutong;
				TargetAttributes = {
					A8B9CA591FC7DCF800F0B2DE = {
						CreatedOnToolsVersion = 9.1;
						ProvisioningStyle = Automatic;
					};
				};
			};
			buildConfigurationList = A8B9CA551FC7DCF800F0B2DE /* Build configuration list for PBXProject "testUI" */;
			compatibilityVersion = "Xcode 8.0";
			developmentRegion = en;
			hasScannedForEncodings = 0;
			knownRegions = (
				en,
				Base,
			);
			mainGroup = A8B9CA511FC7DCF800F0B2DE;
			productRefGroup = A8B9CA5B1FC7DCF800F0B2DE /* Products */;
			projectDirPath = "";
			projectRoot = "";
			targets = (
				A8B9CA591FC7DCF800F0B2DE /* testUI */,
			);
		};
/* End PBXProject section */

/* Begin PBXResourcesBuildPhase section */
		A8B9CA581FC7DCF800F0B2DE /* Resources */ = {
			isa = PBXResourcesBuildPhase;
			buildActionMask = 2147483647;
			files = (
				A8B9CA6A1FC7DCF800F0B2DE /* LaunchScreen.storyboard in Resources */,
				A8B9CA671FC7DCF800F0B2DE /* Assets.xcassets in Resources */,
				A8B9CA651FC7DCF800F0B2DE /* Main.storyboard in Resources */,
			);
			runOnlyForDeploymentPostprocessing = 0;
		};
/* End PBXResourcesBuildPhase section */

/* Begin PBXShellScriptBuildPhase section */
		39DB2515697DD870757800AB /* [CP] Check Pods Manifest.lock */ = {
			isa = PBXShellScriptBuildPhase;
			buildActionMask = 2147483647;
			files = (
			);
			inputPaths = (
				"${PODS_PODFILE_DIR_PATH}/Podfile.lock",
				"${PODS_ROOT}/Manifest.lock",
			);
			name = "[CP] Check Pods Manifest.lock";
			outputPaths = (
				"$(DERIVED_FILE_DIR)/Pods-testUI-checkManifestLockResult.txt",
			);
			runOnlyForDeploymentPostprocessing = 0;
			shellPath = /bin/sh;
			shellScript = "diff \"${PODS_PODFILE_DIR_PATH}/Podfile.lock\" \"${PODS_ROOT}/Manifest.lock\" > /dev/null\nif [ $? != 0 ] ; then\n    # print error to STDERR\n    echo \"error: The sandbox is not in sync with the Podfile.lock. Run 'pod install' or update your CocoaPods installation.\" >&2\n    exit 1\nfi\n# This output is used by Xcode 'outputs' to avoid re-running this script phase.\necho \"SUCCESS\" > \"${SCRIPT_OUTPUT_FILE_0}\"\n";
			showEnvVarsInLog = 0;
		};
		7CF6E5C8235E96A9785E8A53 /* [CP] Copy Pods Resources */ = {
			isa = PBXShellScriptBuildPhase;
			buildActionMask = 2147483647;
			files = (
			);
			inputPaths = (
			);
			name = "[CP] Copy Pods Resources";
			outputPaths = (
			);
			runOnlyForDeploymentPostprocessing = 0;
			shellPath = /bin/sh;
			shellScript = "\"${SRCROOT}/Pods/Target Support Files/Pods-testUI/Pods-testUI-resources.sh\"\n";
			showEnvVarsInLog = 0;
		};
		876750F50F6FE8FE3714FCC0 /* [CP] Embed Pods Frameworks */ = {
			isa = PBXShellScriptBuildPhase;
			buildActionMask = 2147483647;
			files = (
			);
			inputPaths = (
			);
			name = "[CP] Embed Pods Frameworks";
			outputPaths = (
			);
			runOnlyForDeploymentPostprocessing = 0;
			shellPath = /bin/sh;
			shellScript = "\"${SRCROOT}/Pods/Target Support Files/Pods-testUI/Pods-testUI-frameworks.sh\"\n";
			showEnvVarsInLog = 0;
		};
/* End PBXShellScriptBuildPhase section */

/* Begin PBXSourcesBuildPhase section */
		A8B9CA561FC7DCF800F0B2DE /* Sources */ = {
			isa = PBXSourcesBuildPhase;
			buildActionMask = 2147483647;
			files = (
				A8B9CA6D1FC7DCF800F0B2DE /* main.m in Sources */,
				A8B9CA5F1FC7DCF800F0B2DE /* AppDelegate.m in Sources */,
				A85FC2231FCBE792009A107D /* ChainCodeController.m in Sources */,
				A8B9CA791FC7DF1400F0B2DE /* ContentModeController.m in Sources */,
				A83383E41FCF016E00E1FD83 /* UIColor+Hex.m in Sources */,
				A8B9CA751FC7DD6000F0B2DE /* TableViewController.m in Sources */,
				A83383E71FCF034500E1FD83 /* StyleTableViewController.m in Sources */,
			);
			runOnlyForDeploymentPostprocessing = 0;
		};
/* End PBXSourcesBuildPhase section */

/* Begin PBXVariantGroup section */
		A8B9CA631FC7DCF800F0B2DE /* Main.storyboard */ = {
			isa = PBXVariantGroup;
			children = (
				A8B9CA641FC7DCF800F0B2DE /* Base */,
			);
			name = Main.storyboard;
			sourceTree = "<group>";
		};
		A8B9CA681FC7DCF800F0B2DE /* LaunchScreen.storyboard */ = {
			isa = PBXVariantGroup;
			children = (
				A8B9CA691FC7DCF800F0B2DE /* Base */,
			);
			name = LaunchScreen.storyboard;
			sourceTree = "<group>";
		};
/* End PBXVariantGroup section */

/* Begin XCBuildConfiguration section */
		A8B9CA6E1FC7DCF800F0B2DE /* Debug */ = {
			isa = XCBuildConfiguration;
			buildSettings = {
				ALWAYS_SEARCH_USER_PATHS = NO;
				CLANG_ANALYZER_NONNULL = YES;
				CLANG_ANALYZER_NUMBER_OBJECT_CONVERSION = YES_AGGRESSIVE;
				CLANG_CXX_LANGUAGE_STANDARD = "gnu++14";
				CLANG_CXX_LIBRARY = "libc++";
				CLANG_ENABLE_MODULES = YES;
				CLANG_ENABLE_OBJC_ARC = YES;
				CLANG_WARN_BLOCK_CAPTURE_AUTORELEASING = YES;
				CLANG_WARN_BOOL_CONVERSION = YES;
				CLANG_WARN_COMMA = YES;
				CLANG_WARN_CONSTANT_CONVERSION = YES;
				CLANG_WARN_DIRECT_OBJC_ISA_USAGE = YES_ERROR;
				CLANG_WARN_DOCUMENTATION_COMMENTS = YES;
				CLANG_WARN_EMPTY_BODY = YES;
				CLANG_WARN_ENUM_CONVERSION = YES;
				CLANG_WARN_INFINITE_RECURSION = YES;
				CLANG_WARN_INT_CONVERSION = YES;
				CLANG_WARN_NON_LITERAL_NULL_CONVERSION = YES;
				CLANG_WARN_OBJC_LITERAL_CONVERSION = YES;
				CLANG_WARN_OBJC_ROOT_CLASS = YES_ERROR;
				CLANG_WARN_RANGE_LOOP_ANALYSIS = YES;
				CLANG_WARN_STRICT_PROTOTYPES = YES;
				CLANG_WARN_SUSPICIOUS_MOVE = YES;
				CLANG_WARN_UNGUARDED_AVAILABILITY = YES_AGGRESSIVE;
				CLANG_WARN_UNREACHABLE_CODE = YES;
				CLANG_WARN__DUPLICATE_METHOD_MATCH = YES;
				CODE_SIGN_IDENTITY = "iPhone Developer";
				COPY_PHASE_STRIP = NO;
				DEBUG_INFORMATION_FORMAT = dwarf;
				ENABLE_STRICT_OBJC_MSGSEND = YES;
				ENABLE_TESTABILITY = YES;
				GCC_C_LANGUAGE_STANDARD = gnu11;
				GCC_DYNAMIC_NO_PIC = NO;
				GCC_NO_COMMON_BLOCKS = YES;
				GCC_OPTIMIZATION_LEVEL = 0;
				GCC_PREPROCESSOR_DEFINITIONS = (
					"DEBUG=1",
					"$(inherited)",
				);
				GCC_WARN_64_TO_32_BIT_CONVERSION = YES;
				GCC_WARN_ABOUT_RETURN_TYPE = YES_ERROR;
				GCC_WARN_UNDECLARED_SELECTOR = YES;
				GCC_WARN_UNINITIALIZED_AUTOS = YES_AGGRESSIVE;
				GCC_WARN_UNUSED_FUNCTION = YES;
				GCC_WARN_UNUSED_VARIABLE = YES;
				IPHONEOS_DEPLOYMENT_TARGET = 11.1;
				MTL_ENABLE_DEBUG_INFO = YES;
				ONLY_ACTIVE_ARCH = YES;
				SDKROOT = iphoneos;
			};
			name = Debug;
		};
		A8B9CA6F1FC7DCF800F0B2DE /* Release */ = {
			isa = XCBuildConfiguration;
			buildSettings = {
				ALWAYS_SEARCH_USER_PATHS = NO;
				CLANG_ANALYZER_NONNULL = YES;
				CLANG_ANALYZER_NUMBER_OBJECT_CONVERSION = YES_AGGRESSIVE;
				CLANG_CXX_LANGUAGE_STANDARD = "gnu++14";
				CLANG_CXX_LIBRARY = "libc++";
				CLANG_ENABLE_MODULES = YES;
				CLANG_ENABLE_OBJC_ARC = YES;
				CLANG_WARN_BLOCK_CAPTURE_AUTORELEASING = YES;
				CLANG_WARN_BOOL_CONVERSION = YES;
				CLANG_WARN_COMMA = YES;
				CLANG_WARN_CONSTANT_CONVERSION = YES;
				CLANG_WARN_DIRECT_OBJC_ISA_USAGE = YES_ERROR;
				CLANG_WARN_DOCUMENTATION_COMMENTS = YES;
				CLANG_WARN_EMPTY_BODY = YES;
				CLANG_WARN_ENUM_CONVERSION = YES;
				CLANG_WARN_INFINITE_RECURSION = YES;
				CLANG_WARN_INT_CONVERSION = YES;
				CLANG_WARN_NON_LITERAL_NULL_CONVERSION = YES;
				CLANG_WARN_OBJC_LITERAL_CONVERSION = YES;
				CLANG_WARN_OBJC_ROOT_CLASS = YES_ERROR;
				CLANG_WARN_RANGE_LOOP_ANALYSIS = YES;
				CLANG_WARN_STRICT_PROTOTYPES = YES;
				CLANG_WARN_SUSPICIOUS_MOVE = YES;
				CLANG_WARN_UNGUARDED_AVAILABILITY = YES_AGGRESSIVE;
				CLANG_WARN_UNREACHABLE_CODE = YES;
				CLANG_WARN__DUPLICATE_METHOD_MATCH = YES;
				CODE_SIGN_IDENTITY = "iPhone Developer";
				COPY_PHASE_STRIP = NO;
				DEBUG_INFORMATION_FORMAT = "dwarf-with-dsym";
				ENABLE_NS_ASSERTIONS = NO;
				ENABLE_STRICT_OBJC_MSGSEND = YES;
				GCC_C_LANGUAGE_STANDARD = gnu11;
				GCC_NO_COMMON_BLOCKS = YES;
				GCC_WARN_64_TO_32_BIT_CONVERSION = YES;
				GCC_WARN_ABOUT_RETURN_TYPE = YES_ERROR;
				GCC_WARN_UNDECLARED_SELECTOR = YES;
				GCC_WARN_UNINITIALIZED_AUTOS = YES_AGGRESSIVE;
				GCC_WARN_UNUSED_FUNCTION = YES;
				GCC_WARN_UNUSED_VARIABLE = YES;
				IPHONEOS_DEPLOYMENT_TARGET = 11.1;
				MTL_ENABLE_DEBUG_INFO = NO;
				SDKROOT = iphoneos;
				VALIDATE_PRODUCT = YES;
			};
			name = Release;
		};
		A8B9CA711FC7DCF800F0B2DE /* Debug */ = {
			isa = XCBuildConfiguration;
			baseConfigurationReference = 0E5B296DD9E17CB130283228 /* Pods-testUI.debug.xcconfig */;
			buildSettings = {
				ASSETCATALOG_COMPILER_APPICON_NAME = AppIcon;
				CODE_SIGN_STYLE = Automatic;
				DEVELOPMENT_TEAM = 7L8859JS3T;
				INFOPLIST_FILE = testUI/Info.plist;
				LD_RUNPATH_SEARCH_PATHS = "$(inherited) @executable_path/Frameworks";
				PRODUCT_BUNDLE_IDENTIFIER = com.alwaycoding.www.testUI;
				PRODUCT_NAME = "$(TARGET_NAME)";
				TARGETED_DEVICE_FAMILY = "1,2";
			};
			name = Debug;
		};
		A8B9CA721FC7DCF800F0B2DE /* Release */ = {
			isa = XCBuildConfiguration;
			baseConfigurationReference = 59D9EF05476E1620E1A8417B /* Pods-testUI.release.xcconfig */;
			buildSettings = {
				ASSETCATALOG_COMPILER_APPICON_NAME = AppIcon;
				CODE_SIGN_STYLE = Automatic;
				DEVELOPMENT_TEAM = 7L8859JS3T;
				INFOPLIST_FILE = testUI/Info.plist;
				LD_RUNPATH_SEARCH_PATHS = "$(inherited) @executable_path/Frameworks";
				PRODUCT_BUNDLE_IDENTIFIER = com.alwaycoding.www.testUI;
				PRODUCT_NAME = "$(TARGET_NAME)";
				TARGETED_DEVICE_FAMILY = "1,2";
			};
			name = Release;
		};
/* End XCBuildConfiguration section */

/* Begin XCConfigurationList section */
		A8B9CA551FC7DCF800F0B2DE /* Build configuration list for PBXProject "testUI" */ = {
			isa = XCConfigurationList;
			buildConfigurations = (
				A8B9CA6E1FC7DCF800F0B2DE /* Debug */,
				A8B9CA6F1FC7DCF800F0B2DE /* Release */,
			);
			defaultConfigurationIsVisible = 0;
			defaultConfigurationName = Release;
		};
		A8B9CA701FC7DCF800F0B2DE /* Build configuration list for PBXNativeTarget "testUI" */ = {
			isa = XCConfigurationList;
			buildConfigurations = (
				A8B9CA711FC7DCF800F0B2DE /* Debug */,
				A8B9CA721FC7DCF800F0B2DE /* Release */,
			);
			defaultConfigurationIsVisible = 0;
			defaultConfigurationName = Release;
		};
/* End XCConfigurationList section */
	};
	rootObject = A8B9CA521FC7DCF800F0B2DE /* Project object */;
}
